// !$*UTF8*$!
{
	archiveVersion = 1;
	classes = {
	};
	objectVersion = 46;
	objects = {

/* Begin PBXBuildFile section */
		410EFF601C8EF1290086351E /* LoginController.m in Sources */ = {isa = PBXBuildFile; fileRef = 410EFF581C8EF1290086351E /* LoginController.m */; };
		410EFF611C8EF1290086351E /* UIView+PlaceSize.m in Sources */ = {isa = PBXBuildFile; fileRef = 410EFF5F1C8EF1290086351E /* UIView+PlaceSize.m */; };
		410EFF651C8EF2490086351E /* login.png in Resources */ = {isa = PBXBuildFile; fileRef = 410EFF641C8EF2490086351E /* login.png */; };
		410EFF711C8EFBD60086351E /* MainViewController.m in Sources */ = {isa = PBXBuildFile; fileRef = 410EFF701C8EFBD60086351E /* MainViewController.m */; };
		419F79891C8EEC640035ABBD /* main.m in Sources */ = {isa = PBXBuildFile; fileRef = 419F79881C8EEC640035ABBD /* main.m */; };
		419F798C1C8EEC640035ABBD /* AppDelegate.m in Sources */ = {isa = PBXBuildFile; fileRef = 419F798B1C8EEC640035ABBD /* AppDelegate.m */; };
		419F79941C8EEC640035ABBD /* Assets.xcassets in Resources */ = {isa = PBXBuildFile; fileRef = 419F79931C8EEC640035ABBD /* Assets.xcassets */; };
		419F79971C8EEC640035ABBD /* LaunchScreen.storyboard in Resources */ = {isa = PBXBuildFile; fileRef = 419F79951C8EEC640035ABBD /* LaunchScreen.storyboard */; };
		419F79A21C8EEC640035ABBD /* Daily_LifeTests.m in Sources */ = {isa = PBXBuildFile; fileRef = 419F79A11C8EEC640035ABBD /* Daily_LifeTests.m */; };
		419F79AD1C8EEC640035ABBD /* Daily_LifeUITests.m in Sources */ = {isa = PBXBuildFile; fileRef = 419F79AC1C8EEC640035ABBD /* Daily_LifeUITests.m */; };
		41F1B0DE1C8F060E00462D32 /* BaseViewController.m in Sources */ = {isa = PBXBuildFile; fileRef = 41F1B0DD1C8F060E00462D32 /* BaseViewController.m */; };
		41F1B0E21C8F06C400462D32 /* bigShadow.png in Resources */ = {isa = PBXBuildFile; fileRef = 41F1B0E11C8F06C400462D32 /* bigShadow.png */; };
		41F1B0E41C8F107600462D32 /* login2.png in Resources */ = {isa = PBXBuildFile; fileRef = 41F1B0E31C8F107600462D32 /* login2.png */; };
/* End PBXBuildFile section */

/* Begin PBXContainerItemProxy section */
		419F799E1C8EEC640035ABBD /* PBXContainerItemProxy */ = {
			isa = PBXContainerItemProxy;
			containerPortal = 419F797C1C8EEC640035ABBD /* Project object */;
			proxyType = 1;
			remoteGlobalIDString = 419F79831C8EEC640035ABBD;
			remoteInfo = "Daily-Life";
		};
		419F79A91C8EEC640035ABBD /* PBXContainerItemProxy */ = {
			isa = PBXContainerItemProxy;
			containerPortal = 419F797C1C8EEC640035ABBD /* Project object */;
			proxyType = 1;
			remoteGlobalIDString = 419F79831C8EEC640035ABBD;
			remoteInfo = "Daily-Life";
		};
/* End PBXContainerItemProxy section */

/* Begin PBXFileReference section */
		410EFF541C8EF1290086351E /* DailyLife-prefix.h */ = {isa = PBXFileReference; fileEncoding = 4; lastKnownFileType = sourcecode.c.h; path = "DailyLife-prefix.h"; sourceTree = "<group>"; };
		410EFF571C8EF1290086351E /* LoginController.h */ = {isa = PBXFileReference; fileEncoding = 4; lastKnownFileType = sourcecode.c.h; path = LoginController.h; sourceTree = "<group>"; };
		410EFF581C8EF1290086351E /* LoginController.m */ = {isa = PBXFileReference; fileEncoding = 4; lastKnownFileType = sourcecode.c.objc; path = LoginController.m; sourceTree = "<group>"; };
		410EFF5E1C8EF1290086351E /* UIView+PlaceSize.h */ = {isa = PBXFileReference; fileEncoding = 4; lastKnownFileType = sourcecode.c.h; path = "UIView+PlaceSize.h"; sourceTree = "<group>"; };
		410EFF5F1C8EF1290086351E /* UIView+PlaceSize.m */ = {isa = PBXFileReference; fileEncoding = 4; lastKnownFileType = sourcecode.c.objc; path = "UIView+PlaceSize.m"; sourceTree = "<group>"; };
		410EFF641C8EF2490086351E /* login.png */ = {isa = PBXFileReference; lastKnownFileType = image.png; path = login.png; sourceTree = "<group>"; };
		410EFF6F1C8EFBD60086351E /* MainViewController.h */ = {isa = PBXFileReference; fileEncoding = 4; lastKnownFileType = sourcecode.c.h; path = MainViewController.h; sourceTree = "<group>"; };
		410EFF701C8EFBD60086351E /* MainViewController.m */ = {isa = PBXFileReference; fileEncoding = 4; lastKnownFileType = sourcecode.c.objc; path = MainViewController.m; sourceTree = "<group>"; };
		419F79841C8EEC640035ABBD /* Daily-Life.app */ = {isa = PBXFileReference; explicitFileType = wrapper.application; includeInIndex = 0; path = "Daily-Life.app"; sourceTree = BUILT_PRODUCTS_DIR; };
		419F79881C8EEC640035ABBD /* main.m */ = {isa = PBXFileReference; lastKnownFileType = sourcecode.c.objc; path = main.m; sourceTree = "<group>"; };
		419F798A1C8EEC640035ABBD /* AppDelegate.h */ = {isa = PBXFileReference; lastKnownFileType = sourcecode.c.h; path = AppDelegate.h; sourceTree = "<group>"; };
		419F798B1C8EEC640035ABBD /* AppDelegate.m */ = {isa = PBXFileReference; lastKnownFileType = sourcecode.c.objc; path = AppDelegate.m; sourceTree = "<group>"; };
		419F79931C8EEC640035ABBD /* Assets.xcassets */ = {isa = PBXFileReference; lastKnownFileType = folder.assetcatalog; path = Assets.xcassets; sourceTree = "<group>"; };
		419F79961C8EEC640035ABBD /* Base */ = {isa = PBXFileReference; lastKnownFileType = file.storyboard; name = Base; path = Base.lproj/LaunchScreen.storyboard; sourceTree = "<group>"; };
		419F79981C8EEC640035ABBD /* Info.plist */ = {isa = PBXFileReference; lastKnownFileType = text.plist.xml; path = Info.plist; sourceTree = "<group>"; };
		419F799D1C8EEC640035ABBD /* Daily-LifeTests.xctest */ = {isa = PBXFileReference; explicitFileType = wrapper.cfbundle; includeInIndex = 0; path = "Daily-LifeTests.xctest"; sourceTree = BUILT_PRODUCTS_DIR; };
		419F79A11C8EEC640035ABBD /* Daily_LifeTests.m */ = {isa = PBXFileReference; lastKnownFileType = sourcecode.c.objc; path = Daily_LifeTests.m; sourceTree = "<group>"; };
		419F79A31C8EEC640035ABBD /* Info.plist */ = {isa = PBXFileReference; lastKnownFileType = text.plist.xml; path = Info.plist; sourceTree = "<group>"; };
		419F79A81C8EEC640035ABBD /* Daily-LifeUITests.xctest */ = {isa = PBXFileReference; explicitFileType = wrapper.cfbundle; includeInIndex = 0; path = "Daily-LifeUITests.xctest"; sourceTree = BUILT_PRODUCTS_DIR; };
		419F79AC1C8EEC640035ABBD /* Daily_LifeUITests.m */ = {isa = PBXFileReference; lastKnownFileType = sourcecode.c.objc; path = Daily_LifeUITests.m; sourceTree = "<group>"; };
		419F79AE1C8EEC640035ABBD /* Info.plist */ = {isa = PBXFileReference; lastKnownFileType = text.plist.xml; path = Info.plist; sourceTree = "<group>"; };
		41F1B0DC1C8F060E00462D32 /* BaseViewController.h */ = {isa = PBXFileReference; fileEncoding = 4; lastKnownFileType = sourcecode.c.h; path = BaseViewController.h; sourceTree = "<group>"; };
		41F1B0DD1C8F060E00462D32 /* BaseViewController.m */ = {isa = PBXFileReference; fileEncoding = 4; lastKnownFileType = sourcecode.c.objc; path = BaseViewController.m; sourceTree = "<group>"; };
		41F1B0E11C8F06C400462D32 /* bigShadow.png */ = {isa = PBXFileReference; lastKnownFileType = image.png; path = bigShadow.png; sourceTree = "<group>"; };
		41F1B0E31C8F107600462D32 /* login2.png */ = {isa = PBXFileReference; lastKnownFileType = image.png; path = login2.png; sourceTree = "<group>"; };
/* End PBXFileReference section */

/* Begin PBXFrameworksBuildPhase section */
		419F79811C8EEC640035ABBD /* Frameworks */ = {
			isa = PBXFrameworksBuildPhase;
			buildActionMask = 2147483647;
			files = (
			);
			runOnlyForDeploymentPostprocessing = 0;
		};
		419F799A1C8EEC640035ABBD /* Frameworks */ = {
			isa = PBXFrameworksBuildPhase;
			buildActionMask = 2147483647;
			files = (
			);
			runOnlyForDeploymentPostprocessing = 0;
		};
		419F79A51C8EEC640035ABBD /* Frameworks */ = {
			isa = PBXFrameworksBuildPhase;
			buildActionMask = 2147483647;
			files = (
			);
			runOnlyForDeploymentPostprocessing = 0;
		};
/* End PBXFrameworksBuildPhase section */

/* Begin PBXGroup section */
		410EFF531C8EF1290086351E /* Models */ = {
			isa = PBXGroup;
			children = (
			);
			path = Models;
			sourceTree = "<group>";
		};
		410EFF551C8EF1290086351E /* Controllers */ = {
			isa = PBXGroup;
			children = (
				41F1B0DB1C8F05E900462D32 /* Base */,
				410EFF6D1C8EFBBC0086351E /* Main */,
				410EFF561C8EF1290086351E /* Login */,
			);
			path = Controllers;
			sourceTree = "<group>";
		};
		410EFF561C8EF1290086351E /* Login */ = {
			isa = PBXGroup;
			children = (
				410EFF571C8EF1290086351E /* LoginController.h */,
				410EFF581C8EF1290086351E /* LoginController.m */,
			);
			path = Login;
			sourceTree = "<group>";
		};
		410EFF591C8EF1290086351E /* Resource */ = {
			isa = PBXGroup;
			children = (
				410EFF621C8EF2490086351E /* Picture */,
			);
			path = Resource;
			sourceTree = "<group>";
		};
		410EFF5A1C8EF1290086351E /* Libs */ = {
			isa = PBXGroup;
			children = (
			);
			path = Libs;
			sourceTree = "<group>";
		};
		410EFF5B1C8EF1290086351E /* Views */ = {
			isa = PBXGroup;
			children = (
				410EFF721C8EFD6A0086351E /* Main */,
			);
			path = Views;
			sourceTree = "<group>";
		};
		410EFF5C1C8EF1290086351E /* Util */ = {
			isa = PBXGroup;
			children = (
				410EFF5D1C8EF1290086351E /* Category */,
			);
			path = Util;
			sourceTree = "<group>";
		};
		410EFF5D1C8EF1290086351E /* Category */ = {
			isa = PBXGroup;
			children = (
				410EFF5E1C8EF1290086351E /* UIView+PlaceSize.h */,
				410EFF5F1C8EF1290086351E /* UIView+PlaceSize.m */,
			);
			path = Category;
			sourceTree = "<group>";
		};
		410EFF621C8EF2490086351E /* Picture */ = {
			isa = PBXGroup;
			children = (
				410EFF631C8EF2490086351E /* Login */,
			);
			path = Picture;
			sourceTree = "<group>";
		};
		410EFF631C8EF2490086351E /* Login */ = {
			isa = PBXGroup;
			children = (
				41F1B0E31C8F107600462D32 /* login2.png */,
				41F1B0E11C8F06C400462D32 /* bigShadow.png */,
				410EFF641C8EF2490086351E /* login.png */,
			);
			path = Login;
			sourceTree = "<group>";
		};
		410EFF6D1C8EFBBC0086351E /* Main */ = {
			isa = PBXGroup;
			children = (
				410EFF6F1C8EFBD60086351E /* MainViewController.h */,
				410EFF701C8EFBD60086351E /* MainViewController.m */,
			);
			path = Main;
			sourceTree = "<group>";
		};
		410EFF721C8EFD6A0086351E /* Main */ = {
			isa = PBXGroup;
			children = (
			);
			path = Main;
			sourceTree = "<group>";
		};
		419F797B1C8EEC640035ABBD = {
			isa = PBXGroup;
			children = (
				419F79861C8EEC640035ABBD /* Daily-Life */,
				419F79A01C8EEC640035ABBD /* Daily-LifeTests */,
				419F79AB1C8EEC640035ABBD /* Daily-LifeUITests */,
				419F79851C8EEC640035ABBD /* Products */,
			);
			sourceTree = "<group>";
		};
		419F79851C8EEC640035ABBD /* Products */ = {
			isa = PBXGroup;
			children = (
				419F79841C8EEC640035ABBD /* Daily-Life.app */,
				419F799D1C8EEC640035ABBD /* Daily-LifeTests.xctest */,
				419F79A81C8EEC640035ABBD /* Daily-LifeUITests.xctest */,
			);
			name = Products;
			sourceTree = "<group>";
		};
		419F79861C8EEC640035ABBD /* Daily-Life */ = {
			isa = PBXGroup;
			children = (
				410EFF531C8EF1290086351E /* Models */,
				410EFF551C8EF1290086351E /* Controllers */,
				410EFF591C8EF1290086351E /* Resource */,
				410EFF5A1C8EF1290086351E /* Libs */,
				410EFF5B1C8EF1290086351E /* Views */,
				410EFF5C1C8EF1290086351E /* Util */,
				419F798A1C8EEC640035ABBD /* AppDelegate.h */,
				419F798B1C8EEC640035ABBD /* AppDelegate.m */,
				410EFF541C8EF1290086351E /* DailyLife-prefix.h */,
				419F79931C8EEC640035ABBD /* Assets.xcassets */,
				419F79951C8EEC640035ABBD /* LaunchScreen.storyboard */,
				419F79981C8EEC640035ABBD /* Info.plist */,
				419F79871C8EEC640035ABBD /* Supporting Files */,
			);
			path = "Daily-Life";
			sourceTree = "<group>";
		};
		419F79871C8EEC640035ABBD /* Supporting Files */ = {
			isa = PBXGroup;
			children = (
				419F79881C8EEC640035ABBD /* main.m */,
			);
			name = "Supporting Files";
			sourceTree = "<group>";
		};
		419F79A01C8EEC640035ABBD /* Daily-LifeTests */ = {
			isa = PBXGroup;
			children = (
				419F79A11C8EEC640035ABBD /* Daily_LifeTests.m */,
				419F79A31C8EEC640035ABBD /* Info.plist */,
			);
			path = "Daily-LifeTests";
			sourceTree = "<group>";
		};
		419F79AB1C8EEC640035ABBD /* Daily-LifeUITests */ = {
			isa = PBXGroup;
			children = (
				419F79AC1C8EEC640035ABBD /* Daily_LifeUITests.m */,
				419F79AE1C8EEC640035ABBD /* Info.plist */,
			);
			path = "Daily-LifeUITests";
			sourceTree = "<group>";
		};
		41F1B0DB1C8F05E900462D32 /* Base */ = {
			isa = PBXGroup;
			children = (
				41F1B0DC1C8F060E00462D32 /* BaseViewController.h */,
				41F1B0DD1C8F060E00462D32 /* BaseViewController.m */,
			);
			path = Base;
			sourceTree = "<group>";
		};
/* End PBXGroup section */

/* Begin PBXNativeTarget section */
		419F79831C8EEC640035ABBD /* Daily-Life */ = {
			isa = PBXNativeTarget;
			buildConfigurationList = 419F79B11C8EEC640035ABBD /* Build configuration list for PBXNativeTarget "Daily-Life" */;
			buildPhases = (
				419F79801C8EEC640035ABBD /* Sources */,
				419F79811C8EEC640035ABBD /* Frameworks */,
				419F79821C8EEC640035ABBD /* Resources */,
			);
			buildRules = (
			);
			dependencies = (
			);
			name = "Daily-Life";
			productName = "Daily-Life";
			productReference = 419F79841C8EEC640035ABBD /* Daily-Life.app */;
			productType = "com.apple.product-type.application";
		};
		419F799C1C8EEC640035ABBD /* Daily-LifeTests */ = {
			isa = PBXNativeTarget;
			buildConfigurationList = 419F79B41C8EEC640035ABBD /* Build configuration list for PBXNativeTarget "Daily-LifeTests" */;
			buildPhases = (
				419F79991C8EEC640035ABBD /* Sources */,
				419F799A1C8EEC640035ABBD /* Frameworks */,
				419F799B1C8EEC640035ABBD /* Resources */,
			);
			buildRules = (
			);
			dependencies = (
				419F799F1C8EEC640035ABBD /* PBXTargetDependency */,
			);
			name = "Daily-LifeTests";
			productName = "Daily-LifeTests";
			productReference = 419F799D1C8EEC640035ABBD /* Daily-LifeTests.xctest */;
			productType = "com.apple.product-type.bundle.unit-test";
		};
		419F79A71C8EEC640035ABBD /* Daily-LifeUITests */ = {
			isa = PBXNativeTarget;
			buildConfigurationList = 419F79B71C8EEC640035ABBD /* Build configuration list for PBXNativeTarget "Daily-LifeUITests" */;
			buildPhases = (
				419F79A41C8EEC640035ABBD /* Sources */,
				419F79A51C8EEC640035ABBD /* Frameworks */,
				419F79A61C8EEC640035ABBD /* Resources */,
			);
			buildRules = (
			);
			dependencies = (
				419F79AA1C8EEC640035ABBD /* PBXTargetDependency */,
			);
			name = "Daily-LifeUITests";
			productName = "Daily-LifeUITests";
			productReference = 419F79A81C8EEC640035ABBD /* Daily-LifeUITests.xctest */;
			productType = "com.apple.product-type.bundle.ui-testing";
		};
/* End PBXNativeTarget section */

/* Begin PBXProject section */
		419F797C1C8EEC640035ABBD /* Project object */ = {
			isa = PBXProject;
			attributes = {
				LastUpgradeCheck = 0720;
				ORGANIZATIONNAME = vinfol;
				TargetAttributes = {
					419F79831C8EEC640035ABBD = {
						CreatedOnToolsVersion = 7.2.1;
						DevelopmentTeam = RD5EFCA4AM;
					};
					419F799C1C8EEC640035ABBD = {
						CreatedOnToolsVersion = 7.2.1;
						DevelopmentTeam = RD5EFCA4AM;
						TestTargetID = 419F79831C8EEC640035ABBD;
					};
					419F79A71C8EEC640035ABBD = {
						CreatedOnToolsVersion = 7.2.1;
						DevelopmentTeam = RD5EFCA4AM;
						TestTargetID = 419F79831C8EEC640035ABBD;
					};
				};
			};
			buildConfigurationList = 419F797F1C8EEC640035ABBD /* Build configuration list for PBXProject "Daily-Life" */;
			compatibilityVersion = "Xcode 3.2";
			developmentRegion = English;
			hasScannedForEncodings = 0;
			knownRegions = (
				en,
				Base,
			);
			mainGroup = 419F797B1C8EEC640035ABBD;
			productRefGroup = 419F79851C8EEC640035ABBD /* Products */;
			projectDirPath = "";
			projectRoot = "";
			targets = (
				419F79831C8EEC640035ABBD /* Daily-Life */,
				419F799C1C8EEC640035ABBD /* Daily-LifeTests */,
				419F79A71C8EEC640035ABBD /* Daily-LifeUITests */,
			);
		};
/* End PBXProject section */

/* Begin PBXResourcesBuildPhase section */
		419F79821C8EEC640035ABBD /* Resources */ = {
			isa = PBXResourcesBuildPhase;
			buildActionMask = 2147483647;
			files = (
				41F1B0E21C8F06C400462D32 /* bigShadow.png in Resources */,
				419F79971C8EEC640035ABBD /* LaunchScreen.storyboard in Resources */,
				41F1B0E41C8F107600462D32 /* login2.png in Resources */,
				419F79941C8EEC640035ABBD /* Assets.xcassets in Resources */,
				410EFF651C8EF2490086351E /* login.png in Resources */,
			);
			runOnlyForDeploymentPostprocessing = 0;
		};
		419F799B1C8EEC640035ABBD /* Resources */ = {
			isa = PBXResourcesBuildPhase;
			buildActionMask = 2147483647;
			files = (
			);
			runOnlyForDeploymentPostprocessing = 0;
		};
		419F79A61C8EEC640035ABBD /* Resources */ = {
			isa = PBXResourcesBuildPhase;
			buildActionMask = 2147483647;
			files = (
			);
			runOnlyForDeploymentPostprocessing = 0;
		};
/* End PBXResourcesBuildPhase section */

/* Begin PBXSourcesBuildPhase section */
		419F79801C8EEC640035ABBD /* Sources */ = {
			isa = PBXSourcesBuildPhase;
			buildActionMask = 2147483647;
			files = (
				419F798C1C8EEC640035ABBD /* AppDelegate.m in Sources */,
				41F1B0DE1C8F060E00462D32 /* BaseViewController.m in Sources */,
				410EFF611C8EF1290086351E /* UIView+PlaceSize.m in Sources */,
				419F79891C8EEC640035ABBD /* main.m in Sources */,
				410EFF711C8EFBD60086351E /* MainViewController.m in Sources */,
				410EFF601C8EF1290086351E /* LoginController.m in Sources */,
			);
			runOnlyForDeploymentPostprocessing = 0;
		};
		419F79991C8EEC640035ABBD /* Sources */ = {
			isa = PBXSourcesBuildPhase;
			buildActionMask = 2147483647;
			files = (
				419F79A21C8EEC640035ABBD /* Daily_LifeTests.m in Sources */,
			);
			runOnlyForDeploymentPostprocessing = 0;
		};
		419F79A41C8EEC640035ABBD /* Sources */ = {
			isa = PBXSourcesBuildPhase;
			buildActionMask = 2147483647;
			files = (
				419F79AD1C8EEC640035ABBD /* Daily_LifeUITests.m in Sources */,
			);
			runOnlyForDeploymentPostprocessing = 0;
		};
/* End PBXSourcesBuildPhase section */

/* Begin PBXTargetDependency section */
		419F799F1C8EEC640035ABBD /* PBXTargetDependency */ = {
			isa = PBXTargetDependency;
			target = 419F79831C8EEC640035ABBD /* Daily-Life */;
			targetProxy = 419F799E1C8EEC640035ABBD /* PBXContainerItemProxy */;
		};
		419F79AA1C8EEC640035ABBD /* PBXTargetDependency */ = {
			isa = PBXTargetDependency;
			target = 419F79831C8EEC640035ABBD /* Daily-Life */;
			targetProxy = 419F79A91C8EEC640035ABBD /* PBXContainerItemProxy */;
		};
/* End PBXTargetDependency section */

/* Begin PBXVariantGroup section */
		419F79951C8EEC640035ABBD /* LaunchScreen.storyboard */ = {
			isa = PBXVariantGroup;
			children = (
				419F79961C8EEC640035ABBD /* Base */,
			);
			name = LaunchScreen.storyboard;
			sourceTree = "<group>";
		};
/* End PBXVariantGroup section */

/* Begin XCBuildConfiguration section */
		419F79AF1C8EEC640035ABBD /* Debug */ = {
			isa = XCBuildConfiguration;
			buildSettings = {
				ALWAYS_SEARCH_USER_PATHS = NO;
				CLANG_CXX_LANGUAGE_STANDARD = "gnu++0x";
				CLANG_CXX_LIBRARY = "libc++";
				CLANG_ENABLE_MODULES = YES;
				CLANG_ENABLE_OBJC_ARC = YES;
				CLANG_WARN_BOOL_CONVERSION = YES;
				CLANG_WARN_CONSTANT_CONVERSION = YES;
				CLANG_WARN_DIRECT_OBJC_ISA_USAGE = YES_ERROR;
				CLANG_WARN_EMPTY_BODY = YES;
				CLANG_WARN_ENUM_CONVERSION = YES;
				CLANG_WARN_INT_CONVERSION = YES;
				CLANG_WARN_OBJC_ROOT_CLASS = YES_ERROR;
				CLANG_WARN_UNREACHABLE_CODE = YES;
				CLANG_WARN__DUPLICATE_METHOD_MATCH = YES;
				"CODE_SIGN_IDENTITY[sdk=iphoneos*]" = "iPhone Developer";
				COPY_PHASE_STRIP = NO;
				DEBUG_INFORMATION_FORMAT = dwarf;
				ENABLE_STRICT_OBJC_MSGSEND = YES;
				ENABLE_TESTABILITY = YES;
				GCC_C_LANGUAGE_STANDARD = gnu99;
				GCC_DYNAMIC_NO_PIC = NO;
				GCC_NO_COMMON_BLOCKS = YES;
				GCC_OPTIMIZATION_LEVEL = 0;
				GCC_PRECOMPILE_PREFIX_HEADER = YES;
				GCC_PREFIX_HEADER = "Daily-Life/DailyLife-prefix.h";
				GCC_PREPROCESSOR_DEFINITIONS = (
					"DEBUG=1",
					"$(inherited)",
				);
				GCC_WARN_64_TO_32_BIT_CONVERSION = YES;
				GCC_WARN_ABOUT_RETURN_TYPE = YES_ERROR;
				GCC_WARN_UNDECLARED_SELECTOR = YES;
				GCC_WARN_UNINITIALIZED_AUTOS = YES_AGGRESSIVE;
				GCC_WARN_UNUSED_FUNCTION = YES;
				GCC_WARN_UNUSED_VARIABLE = YES;
				IPHONEOS_DEPLOYMENT_TARGET = 9.2;
				MTL_ENABLE_DEBUG_INFO = YES;
				ONLY_ACTIVE_ARCH = YES;
				SDKROOT = iphoneos;
			};
			name = Debug;
		};
		419F79B01C8EEC640035ABBD /* Release */ = {
			isa = XCBuildConfiguration;
			buildSettings = {
				ALWAYS_SEARCH_USER_PATHS = NO;
				CLANG_CXX_LANGUAGE_STANDARD = "gnu++0x";
				CLANG_CXX_LIBRARY = "libc++";
				CLANG_ENABLE_MODULES = YES;
				CLANG_ENABLE_OBJC_ARC = YES;
				CLANG_WARN_BOOL_CONVERSION = YES;
				CLANG_WARN_CONSTANT_CONVERSION = YES;
				CLANG_WARN_DIRECT_OBJC_ISA_USAGE = YES_ERROR;
				CLANG_WARN_EMPTY_BODY = YES;
				CLANG_WARN_ENUM_CONVERSION = YES;
				CLANG_WARN_INT_CONVERSION = YES;
				CLANG_WARN_OBJC_ROOT_CLASS = YES_ERROR;
				CLANG_WARN_UNREACHABLE_CODE = YES;
				CLANG_WARN__DUPLICATE_METHOD_MATCH = YES;
				"CODE_SIGN_IDENTITY[sdk=iphoneos*]" = "iPhone Developer";
				COPY_PHASE_STRIP = NO;
				DEBUG_INFORMATION_FORMAT = "dwarf-with-dsym";
				ENABLE_NS_ASSERTIONS = NO;
				ENABLE_STRICT_OBJC_MSGSEND = YES;
				GCC_C_LANGUAGE_STANDARD = gnu99;
				GCC_NO_COMMON_BLOCKS = YES;
				GCC_PRECOMPILE_PREFIX_HEADER = YES;
				GCC_PREFIX_HEADER = "Daily-Life/DailyLife-prefix.h";
				GCC_WARN_64_TO_32_BIT_CONVERSION = YES;
				GCC_WARN_ABOUT_RETURN_TYPE = YES_ERROR;
				GCC_WARN_UNDECLARED_SELECTOR = YES;
				GCC_WARN_UNINITIALIZED_AUTOS = YES_AGGRESSIVE;
				GCC_WARN_UNUSED_FUNCTION = YES;
				GCC_WARN_UNUSED_VARIABLE = YES;
				IPHONEOS_DEPLOYMENT_TARGET = 9.2;
				MTL_ENABLE_DEBUG_INFO = NO;
				SDKROOT = iphoneos;
				VALIDATE_PRODUCT = YES;
			};
			name = Release;
		};
		419F79B21C8EEC640035ABBD /* Debug */ = {
			isa = XCBuildConfiguration;
			buildSettings = {
				ASSETCATALOG_COMPILER_APPICON_NAME = AppIcon;
				ASSETCATALOG_COMPILER_LAUNCHIMAGE_NAME = "Brand Assets";
				INFOPLIST_FILE = "Daily-Life/Info.plist";
				LD_RUNPATH_SEARCH_PATHS = "$(inherited) @executable_path/Frameworks";
				PRODUCT_BUNDLE_IDENTIFIER = "me.vinfol.Daily-Life";
				PRODUCT_NAME = "$(TARGET_NAME)";
			};
			name = Debug;
		};
		419F79B31C8EEC640035ABBD /* Release */ = {
			isa = XCBuildConfiguration;
			buildSettings = {
				ASSETCATALOG_COMPILER_APPICON_NAME = AppIcon;
				ASSETCATALOG_COMPILER_LAUNCHIMAGE_NAME = "Brand Assets";
				INFOPLIST_FILE = "Daily-Life/Info.plist";
				LD_RUNPATH_SEARCH_PATHS = "$(inherited) @executable_path/Frameworks";
				PRODUCT_BUNDLE_IDENTIFIER = "me.vinfol.Daily-Life";
				PRODUCT_NAME = "$(TARGET_NAME)";
			};
			name = Release;
		};
		419F79B51C8EEC640035ABBD /* Debug */ = {
			isa = XCBuildConfiguration;
			buildSettings = {
				BUNDLE_LOADER = "$(TEST_HOST)";
				INFOPLIST_FILE = "Daily-LifeTests/Info.plist";
				LD_RUNPATH_SEARCH_PATHS = "$(inherited) @executable_path/Frameworks @loader_path/Frameworks";
				PRODUCT_BUNDLE_IDENTIFIER = "me.vinfol.Daily-LifeTests";
				PRODUCT_NAME = "$(TARGET_NAME)";
				TEST_HOST = "$(BUILT_PRODUCTS_DIR)/Daily-Life.app/Daily-Life";
			};
			name = Debug;
		};
		419F79B61C8EEC640035ABBD /* Release */ = {
			isa = XCBuildConfiguration;
			buildSettings = {
				BUNDLE_LOADER = "$(TEST_HOST)";
				INFOPLIST_FILE = "Daily-LifeTests/Info.plist";
				LD_RUNPATH_SEARCH_PATHS = "$(inherited) @executable_path/Frameworks @loader_path/Frameworks";
				PRODUCT_BUNDLE_IDENTIFIER = "me.vinfol.Daily-LifeTests";
				PRODUCT_NAME = "$(TARGET_NAME)";
				TEST_HOST = "$(BUILT_PRODUCTS_DIR)/Daily-Life.app/Daily-Life";
			};
			name = Release;
		};
		419F79B81C8EEC640035ABBD /* Debug */ = {
			isa = XCBuildConfiguration;
			buildSettings = {
				INFOPLIST_FILE = "Daily-LifeUITests/Info.plist";
				LD_RUNPATH_SEARCH_PATHS = "$(inherited) @executable_path/Frameworks @loader_path/Frameworks";
				PRODUCT_BUNDLE_IDENTIFIER = "me.vinfol.Daily-LifeUITests";
				PRODUCT_NAME = "$(TARGET_NAME)";
				TEST_TARGET_NAME = "Daily-Life";
				USES_XCTRUNNER = YES;
			};
			name = Debug;
		};
		419F79B91C8EEC640035ABBD /* Release */ = {
			isa = XCBuildConfiguration;
			buildSettings = {
				INFOPLIST_FILE = "Daily-LifeUITests/Info.plist";
				LD_RUNPATH_SEARCH_PATHS = "$(inherited) @executable_path/Frameworks @loader_path/Frameworks";
				PRODUCT_BUNDLE_IDENTIFIER = "me.vinfol.Daily-LifeUITests";
				PRODUCT_NAME = "$(TARGET_NAME)";
				TEST_TARGET_NAME = "Daily-Life";
				USES_XCTRUNNER = YES;
			};
			name = Release;
		};
/* End XCBuildConfiguration section */

/* Begin XCConfigurationList section */
		419F797F1C8EEC640035ABBD /* Build configuration list for PBXProject "Daily-Life" */ = {
			isa = XCConfigurationList;
			buildConfigurations = (
				419F79AF1C8EEC640035ABBD /* Debug */,
				419F79B01C8EEC640035ABBD /* Release */,
			);
			defaultConfigurationIsVisible = 0;
			defaultConfigurationName = Release;
		};
		419F79B11C8EEC640035ABBD /* Build configuration list for PBXNativeTarget "Daily-Life" */ = {
			isa = XCConfigurationList;
			buildConfigurations = (
				419F79B21C8EEC640035ABBD /* Debug */,
				419F79B31C8EEC640035ABBD /* Release */,
			);
			defaultConfigurationIsVisible = 0;
			defaultConfigurationName = Release;
		};
		419F79B41C8EEC640035ABBD /* Build configuration list for PBXNativeTarget "Daily-LifeTests" */ = {
			isa = XCConfigurationList;
			buildConfigurations = (
				419F79B51C8EEC640035ABBD /* Debug */,
				419F79B61C8EEC640035ABBD /* Release */,
			);
			defaultConfigurationIsVisible = 0;
			defaultConfigurationName = Release;
		};
		419F79B71C8EEC640035ABBD /* Build configuration list for PBXNativeTarget "Daily-LifeUITests" */ = {
			isa = XCConfigurationList;
			buildConfigurations = (
				419F79B81C8EEC640035ABBD /* Debug */,
				419F79B91C8EEC640035ABBD /* Release */,
			);
			defaultConfigurationIsVisible = 0;
			defaultConfigurationName = Release;
		};
/* End XCConfigurationList section */
	};
	rootObject = 419F797C1C8EEC640035ABBD /* Project object */;
}
